# This file is automatically generated.
# It is not intended for manual editing.
version = 1

[[packages]]
name = "wasi:cli"
registry = "wasi.dev"

[[packages.versions]]
requirement = "=0.3.0-rc-2026-03-15"
version = "0.3.0-rc-2026-03-15"
digest = "sha256:104654cfcb218c34c21ea06ab95f0d6811508643e9692bb3db751cde5640365f"
